
Microsoft Visual Studio Solution File, Format Version 12.00
# Visual Studio Version 17
VisualStudioVersion = 17.0.31903.59
MinimumVisualStudioVersion = 10.0.40219.1
Project("{2150E333-8FDC-42A3-9474-1A3956D46DE8}") = "API", "API", "{70EF1BB1-013E-43E4-AFAF-ED8CC277CF98}"
EndProject
Project("{2150E333-8FDC-42A3-9474-1A3956D46DE8}") = "src", "src", "{32C9C0A3-615B-4E6C-8F06-629834FF4327}"
EndProject
Project("{FAE04EC0-301F-11D3-BF4B-00C04F79EFBC}") = "StudentClassManager.API", "src\StudentClassManager.API\StudentClassManager.API.csproj", "{4F895EF1-58D2-4573-AD0A-8C6F2BCA6750}"
EndProject
Project("{2150E333-8FDC-42A3-9474-1A3956D46DE8}") = "Domain", "Domain", "{BCD9740C-4097-40C6-A4B7-33F143BBDE5C}"
EndProject
Project("{FAE04EC0-301F-11D3-BF4B-00C04F79EFBC}") = "StudentClassManager.Domain", "src\StudentClassManager.Domain\StudentClassManager.Domain.csproj", "{C0262C9B-7DCD-48BE-8974-F57182372147}"
EndProject
Project("{2150E333-8FDC-42A3-9474-1A3956D46DE8}") = "WebUI", "WebUI", "{8887E04A-2805-4CDD-9F45-CEDD3028A6C4}"
EndProject
Project("{FAE04EC0-301F-11D3-BF4B-00C04F79EFBC}") = "StudentClassManager.WebUI", "src\StudentClassManager.WebUI\StudentClassManager.WebUI.csproj", "{AA0EFD6B-FA48-4AE4-B762-348E4AB58F0E}"
EndProject
Project("{2150E333-8FDC-42A3-9474-1A3956D46DE8}") = "Core", "Core", "{F4712135-1844-466F-9CBB-0F5C8831FF46}"
EndProject
Project("{2150E333-8FDC-42A3-9474-1A3956D46DE8}") = "Application", "Application", "{2180FC22-E0BC-42E5-9D79-0DB6C228B69F}"
EndProject
Project("{FAE04EC0-301F-11D3-BF4B-00C04F79EFBC}") = "StudentClassManager.Application", "src\StudentClassManager.Application\StudentClassManager.Application.csproj", "{77996637-5150-413C-ACD7-9428EE6E2904}"
EndProject
Project("{2150E333-8FDC-42A3-9474-1A3956D46DE8}") = "Infrastructure", "Infrastructure", "{C913C88F-3EA1-4ECE-B0BA-ADE1482EDC96}"
EndProject
Project("{FAE04EC0-301F-11D3-BF4B-00C04F79EFBC}") = "StudentClassManager.Infrastructure.Persistence", "src\StudentClassManager.Infrastructure.Persistence\StudentClassManager.Infrastructure.Persistence.csproj", "{2BA6A203-2F48-48C9-9B21-9A04E7402472}"
EndProject
Project("{2150E333-8FDC-42A3-9474-1A3956D46DE8}") = "CrossCutting", "CrossCutting", "{73CAF167-C685-4777-916A-80E9509F8668}"
EndProject
Project("{FAE04EC0-301F-11D3-BF4B-00C04F79EFBC}") = "StudentClassManager.CrossCutting.IoC", "src\StudentClassManager.CrossCutting.IoC\StudentClassManager.CrossCutting.IoC.csproj", "{BE44F482-C295-46AB-8B51-C8330ECA9920}"
EndProject
Global
	GlobalSection(SolutionConfigurationPlatforms) = preSolution
		Debug|Any CPU = Debug|Any CPU
		Release|Any CPU = Release|Any CPU
	EndGlobalSection
	GlobalSection(SolutionProperties) = preSolution
		HideSolutionNode = FALSE
	EndGlobalSection
	GlobalSection(ProjectConfigurationPlatforms) = postSolution
		{4F895EF1-58D2-4573-AD0A-8C6F2BCA6750}.Debug|Any CPU.ActiveCfg = Debug|Any CPU
		{4F895EF1-58D2-4573-AD0A-8C6F2BCA6750}.Debug|Any CPU.Build.0 = Debug|Any CPU
		{4F895EF1-58D2-4573-AD0A-8C6F2BCA6750}.Release|Any CPU.ActiveCfg = Release|Any CPU
		{4F895EF1-58D2-4573-AD0A-8C6F2BCA6750}.Release|Any CPU.Build.0 = Release|Any CPU
		{C0262C9B-7DCD-48BE-8974-F57182372147}.Debug|Any CPU.ActiveCfg = Debug|Any CPU
		{C0262C9B-7DCD-48BE-8974-F57182372147}.Debug|Any CPU.Build.0 = Debug|Any CPU
		{C0262C9B-7DCD-48BE-8974-F57182372147}.Release|Any CPU.ActiveCfg = Release|Any CPU
		{C0262C9B-7DCD-48BE-8974-F57182372147}.Release|Any CPU.Build.0 = Release|Any CPU
		{AA0EFD6B-FA48-4AE4-B762-348E4AB58F0E}.Debug|Any CPU.ActiveCfg = Debug|Any CPU
		{AA0EFD6B-FA48-4AE4-B762-348E4AB58F0E}.Debug|Any CPU.Build.0 = Debug|Any CPU
		{AA0EFD6B-FA48-4AE4-B762-348E4AB58F0E}.Release|Any CPU.ActiveCfg = Release|Any CPU
		{AA0EFD6B-FA48-4AE4-B762-348E4AB58F0E}.Release|Any CPU.Build.0 = Release|Any CPU
		{77996637-5150-413C-ACD7-9428EE6E2904}.Debug|Any CPU.ActiveCfg = Debug|Any CPU
		{77996637-5150-413C-ACD7-9428EE6E2904}.Debug|Any CPU.Build.0 = Debug|Any CPU
		{77996637-5150-413C-ACD7-9428EE6E2904}.Release|Any CPU.ActiveCfg = Release|Any CPU
		{77996637-5150-413C-ACD7-9428EE6E2904}.Release|Any CPU.Build.0 = Release|Any CPU
		{2BA6A203-2F48-48C9-9B21-9A04E7402472}.Debug|Any CPU.ActiveCfg = Debug|Any CPU
		{2BA6A203-2F48-48C9-9B21-9A04E7402472}.Debug|Any CPU.Build.0 = Debug|Any CPU
		{2BA6A203-2F48-48C9-9B21-9A04E7402472}.Release|Any CPU.ActiveCfg = Release|Any CPU
		{2BA6A203-2F48-48C9-9B21-9A04E7402472}.Release|Any CPU.Build.0 = Release|Any CPU
		{BE44F482-C295-46AB-8B51-C8330ECA9920}.Debug|Any CPU.ActiveCfg = Debug|Any CPU
		{BE44F482-C295-46AB-8B51-C8330ECA9920}.Debug|Any CPU.Build.0 = Debug|Any CPU
		{BE44F482-C295-46AB-8B51-C8330ECA9920}.Release|Any CPU.ActiveCfg = Release|Any CPU
		{BE44F482-C295-46AB-8B51-C8330ECA9920}.Release|Any CPU.Build.0 = Release|Any CPU
	EndGlobalSection
	GlobalSection(NestedProjects) = preSolution
		{73CAF167-C685-4777-916A-80E9509F8668} = {32C9C0A3-615B-4E6C-8F06-629834FF4327}
		{C913C88F-3EA1-4ECE-B0BA-ADE1482EDC96} = {32C9C0A3-615B-4E6C-8F06-629834FF4327}
		{2180FC22-E0BC-42E5-9D79-0DB6C228B69F} = {F4712135-1844-466F-9CBB-0F5C8831FF46}
		{F4712135-1844-466F-9CBB-0F5C8831FF46} = {32C9C0A3-615B-4E6C-8F06-629834FF4327}
		{8887E04A-2805-4CDD-9F45-CEDD3028A6C4} = {32C9C0A3-615B-4E6C-8F06-629834FF4327}
		{BCD9740C-4097-40C6-A4B7-33F143BBDE5C} = {F4712135-1844-466F-9CBB-0F5C8831FF46}
		{70EF1BB1-013E-43E4-AFAF-ED8CC277CF98} = {32C9C0A3-615B-4E6C-8F06-629834FF4327}
		{4F895EF1-58D2-4573-AD0A-8C6F2BCA6750} = {70EF1BB1-013E-43E4-AFAF-ED8CC277CF98}
		{C0262C9B-7DCD-48BE-8974-F57182372147} = {BCD9740C-4097-40C6-A4B7-33F143BBDE5C}
		{AA0EFD6B-FA48-4AE4-B762-348E4AB58F0E} = {8887E04A-2805-4CDD-9F45-CEDD3028A6C4}
		{77996637-5150-413C-ACD7-9428EE6E2904} = {2180FC22-E0BC-42E5-9D79-0DB6C228B69F}
		{2BA6A203-2F48-48C9-9B21-9A04E7402472} = {C913C88F-3EA1-4ECE-B0BA-ADE1482EDC96}
		{BE44F482-C295-46AB-8B51-C8330ECA9920} = {73CAF167-C685-4777-916A-80E9509F8668}
	EndGlobalSection
EndGlobal
